
Microsoft Visual Studio Solution File, Format Version 12.00
# Visual Studio Version 17
VisualStudioVersion = 17.12.35527.113 d17.12
MinimumVisualStudioVersion = 10.0.40219.1
Project("{FAE04EC0-301F-11D3-BF4B-00C04F79EFBC}") = "Domain", "Domain\Domain.csproj", "{8723F5B2-2D6B-4E43-BBFD-C6DE461D2695}"
EndProject
Project("{FAE04EC0-301F-11D3-BF4B-00C04F79EFBC}") = "Application", "Application\Application.csproj", "{1FD81284-FA02-4128-8356-EEBFDE446C71}"
EndProject
Project("{FAE04EC0-301F-11D3-BF4B-00C04F79EFBC}") = "Infrastructure", "Infrastructure\Infrastructure.csproj", "{1F7EF6BD-B78A-4A4B-BFA3-5FF9C79E84BA}"
EndProject
Project("{FAE04EC0-301F-11D3-BF4B-00C04F79EFBC}") = "WebAPI", "WebAPI\WebAPI.csproj", "{809C9835-88CC-442C-A8C8-754546AB6F3B}"
EndProject
Global
	GlobalSection(SolutionConfigurationPlatforms) = preSolution
		Debug|Any CPU = Debug|Any CPU
		Release|Any CPU = Release|Any CPU
	EndGlobalSection
	GlobalSection(ProjectConfigurationPlatforms) = postSolution
		{8723F5B2-2D6B-4E43-BBFD-C6DE461D2695}.Debug|Any CPU.ActiveCfg = Debug|Any CPU
		{8723F5B2-2D6B-4E43-BBFD-C6DE461D2695}.Debug|Any CPU.Build.0 = Debug|Any CPU
		{8723F5B2-2D6B-4E43-BBFD-C6DE461D2695}.Release|Any CPU.ActiveCfg = Release|Any CPU
		{8723F5B2-2D6B-4E43-BBFD-C6DE461D2695}.Release|Any CPU.Build.0 = Release|Any CPU
		{1FD81284-FA02-4128-8356-EEBFDE446C71}.Debug|Any CPU.ActiveCfg = Debug|Any CPU
		{1FD81284-FA02-4128-8356-EEBFDE446C71}.Debug|Any CPU.Build.0 = Debug|Any CPU
		{1FD81284-FA02-4128-8356-EEBFDE446C71}.Release|Any CPU.ActiveCfg = Release|Any CPU
		{1FD81284-FA02-4128-8356-EEBFDE446C71}.Release|Any CPU.Build.0 = Release|Any CPU
		{1F7EF6BD-B78A-4A4B-BFA3-5FF9C79E84BA}.Debug|Any CPU.ActiveCfg = Debug|Any CPU
		{1F7EF6BD-B78A-4A4B-BFA3-5FF9C79E84BA}.Debug|Any CPU.Build.0 = Debug|Any CPU
		{1F7EF6BD-B78A-4A4B-BFA3-5FF9C79E84BA}.Release|Any CPU.ActiveCfg = Release|Any CPU
		{1F7EF6BD-B78A-4A4B-BFA3-5FF9C79E84BA}.Release|Any CPU.Build.0 = Release|Any CPU
		{809C9835-88CC-442C-A8C8-754546AB6F3B}.Debug|Any CPU.ActiveCfg = Debug|Any CPU
		{809C9835-88CC-442C-A8C8-754546AB6F3B}.Debug|Any CPU.Build.0 = Debug|Any CPU
		{809C9835-88CC-442C-A8C8-754546AB6F3B}.Release|Any CPU.ActiveCfg = Release|Any CPU
		{809C9835-88CC-442C-A8C8-754546AB6F3B}.Release|Any CPU.Build.0 = Release|Any CPU
	EndGlobalSection
	GlobalSection(SolutionProperties) = preSolution
		HideSolutionNode = FALSE
	EndGlobalSection
EndGlobal
